
Microsoft Visual Studio Solution File, Format Version 12.00
# Visual Studio Version 16
VisualStudioVersion = 16.0.31515.178
MinimumVisualStudioVersion = 10.0.40219.1
Project("{888888A0-9F3D-457C-B088-3A5042F75D52}") = "Baek_15649", "Baek_15649\Baek_15649.pyproj", "{DA75F4AB-AB80-4336-9370-C063A4139690}"
EndProject
Global
	GlobalSection(SolutionConfigurationPlatforms) = preSolution
		Debug|Any CPU = Debug|Any CPU
		Release|Any CPU = Release|Any CPU
	EndGlobalSection
	GlobalSection(ProjectConfigurationPlatforms) = postSolution
		{DA75F4AB-AB80-4336-9370-C063A4139690}.Debug|Any CPU.ActiveCfg = Debug|Any CPU
		{DA75F4AB-AB80-4336-9370-C063A4139690}.Release|Any CPU.ActiveCfg = Release|Any CPU
	EndGlobalSection
	GlobalSection(SolutionProperties) = preSolution
		HideSolutionNode = FALSE
	EndGlobalSection
	GlobalSection(ExtensibilityGlobals) = postSolution
		SolutionGuid = {E7A676C0-ACA5-45E9-AC55-170431615F4D}
	EndGlobalSection
EndGlobal
